
Microsoft Visual Studio Solution File, Format Version 12.00
# Visual Studio Version 17
VisualStudioVersion = 17.11.35312.102
MinimumVisualStudioVersion = 10.0.40219.1
Project("{F184B08F-C81C-45F6-A57F-5ABD9991F28F}") = "Factorial", "Factorial\Factorial.vbproj", "{0EB9FB89-B20C-4F92-8980-1B3897CA350E}"
EndProject
Global
	GlobalSection(SolutionConfigurationPlatforms) = preSolution
		Debug|Any CPU = Debug|Any CPU
		Release|Any CPU = Release|Any CPU
	EndGlobalSection
	GlobalSection(ProjectConfigurationPlatforms) = postSolution
		{0EB9FB89-B20C-4F92-8980-1B3897CA350E}.Debug|Any CPU.ActiveCfg = Debug|Any CPU
		{0EB9FB89-B20C-4F92-8980-1B3897CA350E}.Debug|Any CPU.Build.0 = Debug|Any CPU
		{0EB9FB89-B20C-4F92-8980-1B3897CA350E}.Release|Any CPU.ActiveCfg = Release|Any CPU
		{0EB9FB89-B20C-4F92-8980-1B3897CA350E}.Release|Any CPU.Build.0 = Release|Any CPU
	EndGlobalSection
	GlobalSection(SolutionProperties) = preSolution
		HideSolutionNode = FALSE
	EndGlobalSection
	GlobalSection(ExtensibilityGlobals) = postSolution
		SolutionGuid = {6791508B-AD80-4014-970E-F2C6AC5BA280}
	EndGlobalSection
EndGlobal
