
Microsoft Visual Studio Solution File, Format Version 12.00
# Visual Studio Version 17
VisualStudioVersion = 17.11.35312.102
MinimumVisualStudioVersion = 10.0.40219.1
Project("{FAE04EC0-301F-11D3-BF4B-00C04F79EFBC}") = "C#", "C#\C#.csproj", "{FADE42C4-4ADD-4474-8065-D51B65B3FD5D}"
EndProject
Global
	GlobalSection(SolutionConfigurationPlatforms) = preSolution
		Debug|Any CPU = Debug|Any CPU
		Release|Any CPU = Release|Any CPU
	EndGlobalSection
	GlobalSection(ProjectConfigurationPlatforms) = postSolution
		{FADE42C4-4ADD-4474-8065-D51B65B3FD5D}.Debug|Any CPU.ActiveCfg = Debug|Any CPU
		{FADE42C4-4ADD-4474-8065-D51B65B3FD5D}.Debug|Any CPU.Build.0 = Debug|Any CPU
		{FADE42C4-4ADD-4474-8065-D51B65B3FD5D}.Release|Any CPU.ActiveCfg = Release|Any CPU
		{FADE42C4-4ADD-4474-8065-D51B65B3FD5D}.Release|Any CPU.Build.0 = Release|Any CPU
	EndGlobalSection
	GlobalSection(SolutionProperties) = preSolution
		HideSolutionNode = FALSE
	EndGlobalSection
	GlobalSection(ExtensibilityGlobals) = postSolution
		SolutionGuid = {2BB40963-A2AA-44CB-A25D-8F1898546C5A}
	EndGlobalSection
EndGlobal
